
Microsoft Visual Studio Solution File, Format Version 12.00
# Visual Studio 14
VisualStudioVersion = 14.0.25420.1
MinimumVisualStudioVersion = 10.0.40219.1
Project("{8BC9CEB8-8B4A-11D0-8D11-00A0C91BC942}") = "P1", "P1\P1.vcxproj", "{A3147E34-C173-47CE-AF83-6E4BCF05BF33}"
EndProject
Project("{8BC9CEB8-8B4A-11D0-8D11-00A0C91BC942}") = "P2", "P2\P2.vcxproj", "{3AA1F4F1-9E04-4CD4-AFB5-69B1BDC78638}"
EndProject
Project("{8BC9CEB8-8B4A-11D0-8D11-00A0C91BC942}") = "P3", "P3\P3.vcxproj", "{B5B53B81-8D1B-4D61-9C6F-8F2F198002AF}"
EndProject
Project("{8BC9CEB8-8B4A-11D0-8D11-00A0C91BC942}") = "P4", "P4\P4.vcxproj", "{EEFC3ABD-3967-4356-A4D6-9B2D90AF6FAB}"
EndProject
Project("{8BC9CEB8-8B4A-11D0-8D11-00A0C91BC942}") = "P5", "P5\P5.vcxproj", "{CDF71FB1-4CF9-423F-99AB-3C4643F6BFC2}"
EndProject
Project("{8BC9CEB8-8B4A-11D0-8D11-00A0C91BC942}") = "P6", "P6\P6.vcxproj", "{41AB3A0E-97B8-4EF9-ADE5-1A54AC46E6FE}"
EndProject
Project("{8BC9CEB8-8B4A-11D0-8D11-00A0C91BC942}") = "P7", "P7\P7.vcxproj", "{AF6D00E9-3F72-48A9-BD93-7A8D10973433}"
EndProject
Project("{8BC9CEB8-8B4A-11D0-8D11-00A0C91BC942}") = "Project8", "Project8\Project8.vcxproj", "{75D53CCA-F565-4BEE-8844-CF9190A8AEBB}"
EndProject
Global
	GlobalSection(SolutionConfigurationPlatforms) = preSolution
		Debug|x64 = Debug|x64
		Debug|x86 = Debug|x86
		Release|x64 = Release|x64
		Release|x86 = Release|x86
	EndGlobalSection
	GlobalSection(ProjectConfigurationPlatforms) = postSolution
		{A3147E34-C173-47CE-AF83-6E4BCF05BF33}.Debug|x64.ActiveCfg = Debug|x64
		{A3147E34-C173-47CE-AF83-6E4BCF05BF33}.Debug|x64.Build.0 = Debug|x64
		{A3147E34-C173-47CE-AF83-6E4BCF05BF33}.Debug|x86.ActiveCfg = Debug|Win32
		{A3147E34-C173-47CE-AF83-6E4BCF05BF33}.Debug|x86.Build.0 = Debug|Win32
		{A3147E34-C173-47CE-AF83-6E4BCF05BF33}.Release|x64.ActiveCfg = Release|x64
		{A3147E34-C173-47CE-AF83-6E4BCF05BF33}.Release|x64.Build.0 = Release|x64
		{A3147E34-C173-47CE-AF83-6E4BCF05BF33}.Release|x86.ActiveCfg = Release|Win32
		{A3147E34-C173-47CE-AF83-6E4BCF05BF33}.Release|x86.Build.0 = Release|Win32
		{3AA1F4F1-9E04-4CD4-AFB5-69B1BDC78638}.Debug|x64.ActiveCfg = Debug|x64
		{3AA1F4F1-9E04-4CD4-AFB5-69B1BDC78638}.Debug|x64.Build.0 = Debug|x64
		{3AA1F4F1-9E04-4CD4-AFB5-69B1BDC78638}.Debug|x86.ActiveCfg = Debug|Win32
		{3AA1F4F1-9E04-4CD4-AFB5-69B1BDC78638}.Debug|x86.Build.0 = Debug|Win32
		{3AA1F4F1-9E04-4CD4-AFB5-69B1BDC78638}.Release|x64.ActiveCfg = Release|x64
		{3AA1F4F1-9E04-4CD4-AFB5-69B1BDC78638}.Release|x64.Build.0 = Release|x64
		{3AA1F4F1-9E04-4CD4-AFB5-69B1BDC78638}.Release|x86.ActiveCfg = Release|Win32
		{3AA1F4F1-9E04-4CD4-AFB5-69B1BDC78638}.Release|x86.Build.0 = Release|Win32
		{B5B53B81-8D1B-4D61-9C6F-8F2F198002AF}.Debug|x64.ActiveCfg = Debug|x64
		{B5B53B81-8D1B-4D61-9C6F-8F2F198002AF}.Debug|x64.Build.0 = Debug|x64
		{B5B53B81-8D1B-4D61-9C6F-8F2F198002AF}.Debug|x86.ActiveCfg = Debug|Win32
		{B5B53B81-8D1B-4D61-9C6F-8F2F198002AF}.Debug|x86.Build.0 = Debug|Win32
		{B5B53B81-8D1B-4D61-9C6F-8F2F198002AF}.Release|x64.ActiveCfg = Release|x64
		{B5B53B81-8D1B-4D61-9C6F-8F2F198002AF}.Release|x64.Build.0 = Release|x64
		{B5B53B81-8D1B-4D61-9C6F-8F2F198002AF}.Release|x86.ActiveCfg = Release|Win32
		{B5B53B81-8D1B-4D61-9C6F-8F2F198002AF}.Release|x86.Build.0 = Release|Win32
		{EEFC3ABD-3967-4356-A4D6-9B2D90AF6FAB}.Debug|x64.ActiveCfg = Debug|x64
		{EEFC3ABD-3967-4356-A4D6-9B2D90AF6FAB}.Debug|x64.Build.0 = Debug|x64
		{EEFC3ABD-3967-4356-A4D6-9B2D90AF6FAB}.Debug|x86.ActiveCfg = Debug|Win32
		{EEFC3ABD-3967-4356-A4D6-9B2D90AF6FAB}.Debug|x86.Build.0 = Debug|Win32
		{EEFC3ABD-3967-4356-A4D6-9B2D90AF6FAB}.Release|x64.ActiveCfg = Release|x64
		{EEFC3ABD-3967-4356-A4D6-9B2D90AF6FAB}.Release|x64.Build.0 = Release|x64
		{EEFC3ABD-3967-4356-A4D6-9B2D90AF6FAB}.Release|x86.ActiveCfg = Release|Win32
		{EEFC3ABD-3967-4356-A4D6-9B2D90AF6FAB}.Release|x86.Build.0 = Release|Win32
		{CDF71FB1-4CF9-423F-99AB-3C4643F6BFC2}.Debug|x64.ActiveCfg = Debug|x64
		{CDF71FB1-4CF9-423F-99AB-3C4643F6BFC2}.Debug|x64.Build.0 = Debug|x64
		{CDF71FB1-4CF9-423F-99AB-3C4643F6BFC2}.Debug|x86.ActiveCfg = Debug|Win32
		{CDF71FB1-4CF9-423F-99AB-3C4643F6BFC2}.Debug|x86.Build.0 = Debug|Win32
		{CDF71FB1-4CF9-423F-99AB-3C4643F6BFC2}.Release|x64.ActiveCfg = Release|x64
		{CDF71FB1-4CF9-423F-99AB-3C4643F6BFC2}.Release|x64.Build.0 = Release|x64
		{CDF71FB1-4CF9-423F-99AB-3C4643F6BFC2}.Release|x86.ActiveCfg = Release|Win32
		{CDF71FB1-4CF9-423F-99AB-3C4643F6BFC2}.Release|x86.Build.0 = Release|Win32
		{41AB3A0E-97B8-4EF9-ADE5-1A54AC46E6FE}.Debug|x64.ActiveCfg = Debug|x64
		{41AB3A0E-97B8-4EF9-ADE5-1A54AC46E6FE}.Debug|x64.Build.0 = Debug|x64
		{41AB3A0E-97B8-4EF9-ADE5-1A54AC46E6FE}.Debug|x86.ActiveCfg = Debug|Win32
		{41AB3A0E-97B8-4EF9-ADE5-1A54AC46E6FE}.Debug|x86.Build.0 = Debug|Win32
		{41AB3A0E-97B8-4EF9-ADE5-1A54AC46E6FE}.Release|x64.ActiveCfg = Release|x64
		{41AB3A0E-97B8-4EF9-ADE5-1A54AC46E6FE}.Release|x64.Build.0 = Release|x64
		{41AB3A0E-97B8-4EF9-ADE5-1A54AC46E6FE}.Release|x86.ActiveCfg = Release|Win32
		{41AB3A0E-97B8-4EF9-ADE5-1A54AC46E6FE}.Release|x86.Build.0 = Release|Win32
		{AF6D00E9-3F72-48A9-BD93-7A8D10973433}.Debug|x64.ActiveCfg = Debug|x64
		{AF6D00E9-3F72-48A9-BD93-7A8D10973433}.Debug|x64.Build.0 = Debug|x64
		{AF6D00E9-3F72-48A9-BD93-7A8D10973433}.Debug|x86.ActiveCfg = Debug|Win32
		{AF6D00E9-3F72-48A9-BD93-7A8D10973433}.Debug|x86.Build.0 = Debug|Win32
		{AF6D00E9-3F72-48A9-BD93-7A8D10973433}.Release|x64.ActiveCfg = Release|x64
		{AF6D00E9-3F72-48A9-BD93-7A8D10973433}.Release|x64.Build.0 = Release|x64
		{AF6D00E9-3F72-48A9-BD93-7A8D10973433}.Release|x86.ActiveCfg = Release|Win32
		{AF6D00E9-3F72-48A9-BD93-7A8D10973433}.Release|x86.Build.0 = Release|Win32
		{75D53CCA-F565-4BEE-8844-CF9190A8AEBB}.Debug|x64.ActiveCfg = Debug|x64
		{75D53CCA-F565-4BEE-8844-CF9190A8AEBB}.Debug|x64.Build.0 = Debug|x64
		{75D53CCA-F565-4BEE-8844-CF9190A8AEBB}.Debug|x86.ActiveCfg = Debug|Win32
		{75D53CCA-F565-4BEE-8844-CF9190A8AEBB}.Debug|x86.Build.0 = Debug|Win32
		{75D53CCA-F565-4BEE-8844-CF9190A8AEBB}.Release|x64.ActiveCfg = Release|x64
		{75D53CCA-F565-4BEE-8844-CF9190A8AEBB}.Release|x64.Build.0 = Release|x64
		{75D53CCA-F565-4BEE-8844-CF9190A8AEBB}.Release|x86.ActiveCfg = Release|Win32
		{75D53CCA-F565-4BEE-8844-CF9190A8AEBB}.Release|x86.Build.0 = Release|Win32
	EndGlobalSection
	GlobalSection(SolutionProperties) = preSolution
		HideSolutionNode = FALSE
	EndGlobalSection
EndGlobal
