
Microsoft Visual Studio Solution File, Format Version 12.00
# Visual Studio 14
VisualStudioVersion = 14.0.25420.1
MinimumVisualStudioVersion = 10.0.40219.1
Project("{8BC9CEB8-8B4A-11D0-8D11-00A0C91BC942}") = "P3", "P1\P1.vcxproj", "{72D5145F-9500-4E82-9651-379458ECCCA2}"
EndProject
Project("{8BC9CEB8-8B4A-11D0-8D11-00A0C91BC942}") = "P4", "P2\P2.vcxproj", "{AD7D3BA5-D595-4455-914F-C25E8FFB64D2}"
EndProject
Project("{8BC9CEB8-8B4A-11D0-8D11-00A0C91BC942}") = "P5", "P3\P3.vcxproj", "{A7DF497F-44B6-41B1-8DB0-9066CDC3DAE6}"
EndProject
Project("{8BC9CEB8-8B4A-11D0-8D11-00A0C91BC942}") = "P6", "P4\P4.vcxproj", "{D1E86C40-3C18-4238-9AF7-23BFAFE38B6C}"
EndProject
Project("{8BC9CEB8-8B4A-11D0-8D11-00A0C91BC942}") = "P9", "P9\P9.vcxproj", "{5552BA35-050A-4C93-83B0-9D2C5C98219A}"
EndProject
Project("{8BC9CEB8-8B4A-11D0-8D11-00A0C91BC942}") = "P10", "P10\P10.vcxproj", "{E00A236E-366D-4F1E-862B-9CD054607922}"
EndProject
Project("{8BC9CEB8-8B4A-11D0-8D11-00A0C91BC942}") = "P12", "P12\P12.vcxproj", "{46250828-0740-4C48-B21A-05122135F113}"
EndProject
Project("{8BC9CEB8-8B4A-11D0-8D11-00A0C91BC942}") = "P11", "P11\P11.vcxproj", "{526A7286-E562-42B1-8B5C-715912EC0530}"
EndProject
Project("{8BC9CEB8-8B4A-11D0-8D11-00A0C91BC942}") = "P13", "P13\P13.vcxproj", "{1654567B-B534-4449-92F0-635F47CED4F5}"
EndProject
Project("{8BC9CEB8-8B4A-11D0-8D11-00A0C91BC942}") = "P14", "P14\P14.vcxproj", "{DCD97D60-CD39-48CB-A353-094A5F51EDEF}"
EndProject
Project("{8BC9CEB8-8B4A-11D0-8D11-00A0C91BC942}") = "Program7", "Program7\Program7.vcxproj", "{DACAEC91-DFFA-41AF-8968-44277F8771B4}"
EndProject
Project("{8BC9CEB8-8B4A-11D0-8D11-00A0C91BC942}") = "P8", "P8\P8.vcxproj", "{75F42C08-D501-47F6-9891-50CE68D0BB0D}"
EndProject
Global
	GlobalSection(SolutionConfigurationPlatforms) = preSolution
		Debug|x64 = Debug|x64
		Debug|x86 = Debug|x86
		Release|x64 = Release|x64
		Release|x86 = Release|x86
	EndGlobalSection
	GlobalSection(ProjectConfigurationPlatforms) = postSolution
		{72D5145F-9500-4E82-9651-379458ECCCA2}.Debug|x64.ActiveCfg = Debug|x64
		{72D5145F-9500-4E82-9651-379458ECCCA2}.Debug|x64.Build.0 = Debug|x64
		{72D5145F-9500-4E82-9651-379458ECCCA2}.Debug|x86.ActiveCfg = Debug|Win32
		{72D5145F-9500-4E82-9651-379458ECCCA2}.Debug|x86.Build.0 = Debug|Win32
		{72D5145F-9500-4E82-9651-379458ECCCA2}.Release|x64.ActiveCfg = Release|x64
		{72D5145F-9500-4E82-9651-379458ECCCA2}.Release|x64.Build.0 = Release|x64
		{72D5145F-9500-4E82-9651-379458ECCCA2}.Release|x86.ActiveCfg = Release|Win32
		{72D5145F-9500-4E82-9651-379458ECCCA2}.Release|x86.Build.0 = Release|Win32
		{AD7D3BA5-D595-4455-914F-C25E8FFB64D2}.Debug|x64.ActiveCfg = Debug|x64
		{AD7D3BA5-D595-4455-914F-C25E8FFB64D2}.Debug|x64.Build.0 = Debug|x64
		{AD7D3BA5-D595-4455-914F-C25E8FFB64D2}.Debug|x86.ActiveCfg = Debug|Win32
		{AD7D3BA5-D595-4455-914F-C25E8FFB64D2}.Debug|x86.Build.0 = Debug|Win32
		{AD7D3BA5-D595-4455-914F-C25E8FFB64D2}.Release|x64.ActiveCfg = Release|x64
		{AD7D3BA5-D595-4455-914F-C25E8FFB64D2}.Release|x64.Build.0 = Release|x64
		{AD7D3BA5-D595-4455-914F-C25E8FFB64D2}.Release|x86.ActiveCfg = Release|Win32
		{AD7D3BA5-D595-4455-914F-C25E8FFB64D2}.Release|x86.Build.0 = Release|Win32
		{A7DF497F-44B6-41B1-8DB0-9066CDC3DAE6}.Debug|x64.ActiveCfg = Debug|x64
		{A7DF497F-44B6-41B1-8DB0-9066CDC3DAE6}.Debug|x64.Build.0 = Debug|x64
		{A7DF497F-44B6-41B1-8DB0-9066CDC3DAE6}.Debug|x86.ActiveCfg = Debug|Win32
		{A7DF497F-44B6-41B1-8DB0-9066CDC3DAE6}.Debug|x86.Build.0 = Debug|Win32
		{A7DF497F-44B6-41B1-8DB0-9066CDC3DAE6}.Release|x64.ActiveCfg = Release|x64
		{A7DF497F-44B6-41B1-8DB0-9066CDC3DAE6}.Release|x64.Build.0 = Release|x64
		{A7DF497F-44B6-41B1-8DB0-9066CDC3DAE6}.Release|x86.ActiveCfg = Release|Win32
		{A7DF497F-44B6-41B1-8DB0-9066CDC3DAE6}.Release|x86.Build.0 = Release|Win32
		{D1E86C40-3C18-4238-9AF7-23BFAFE38B6C}.Debug|x64.ActiveCfg = Debug|x64
		{D1E86C40-3C18-4238-9AF7-23BFAFE38B6C}.Debug|x64.Build.0 = Debug|x64
		{D1E86C40-3C18-4238-9AF7-23BFAFE38B6C}.Debug|x86.ActiveCfg = Debug|Win32
		{D1E86C40-3C18-4238-9AF7-23BFAFE38B6C}.Debug|x86.Build.0 = Debug|Win32
		{D1E86C40-3C18-4238-9AF7-23BFAFE38B6C}.Release|x64.ActiveCfg = Release|x64
		{D1E86C40-3C18-4238-9AF7-23BFAFE38B6C}.Release|x64.Build.0 = Release|x64
		{D1E86C40-3C18-4238-9AF7-23BFAFE38B6C}.Release|x86.ActiveCfg = Release|Win32
		{D1E86C40-3C18-4238-9AF7-23BFAFE38B6C}.Release|x86.Build.0 = Release|Win32
		{5552BA35-050A-4C93-83B0-9D2C5C98219A}.Debug|x64.ActiveCfg = Debug|x64
		{5552BA35-050A-4C93-83B0-9D2C5C98219A}.Debug|x64.Build.0 = Debug|x64
		{5552BA35-050A-4C93-83B0-9D2C5C98219A}.Debug|x86.ActiveCfg = Debug|Win32
		{5552BA35-050A-4C93-83B0-9D2C5C98219A}.Debug|x86.Build.0 = Debug|Win32
		{5552BA35-050A-4C93-83B0-9D2C5C98219A}.Release|x64.ActiveCfg = Release|x64
		{5552BA35-050A-4C93-83B0-9D2C5C98219A}.Release|x64.Build.0 = Release|x64
		{5552BA35-050A-4C93-83B0-9D2C5C98219A}.Release|x86.ActiveCfg = Release|Win32
		{5552BA35-050A-4C93-83B0-9D2C5C98219A}.Release|x86.Build.0 = Release|Win32
		{E00A236E-366D-4F1E-862B-9CD054607922}.Debug|x64.ActiveCfg = Debug|x64
		{E00A236E-366D-4F1E-862B-9CD054607922}.Debug|x64.Build.0 = Debug|x64
		{E00A236E-366D-4F1E-862B-9CD054607922}.Debug|x86.ActiveCfg = Debug|Win32
		{E00A236E-366D-4F1E-862B-9CD054607922}.Debug|x86.Build.0 = Debug|Win32
		{E00A236E-366D-4F1E-862B-9CD054607922}.Release|x64.ActiveCfg = Release|x64
		{E00A236E-366D-4F1E-862B-9CD054607922}.Release|x64.Build.0 = Release|x64
		{E00A236E-366D-4F1E-862B-9CD054607922}.Release|x86.ActiveCfg = Release|Win32
		{E00A236E-366D-4F1E-862B-9CD054607922}.Release|x86.Build.0 = Release|Win32
		{46250828-0740-4C48-B21A-05122135F113}.Debug|x64.ActiveCfg = Debug|x64
		{46250828-0740-4C48-B21A-05122135F113}.Debug|x64.Build.0 = Debug|x64
		{46250828-0740-4C48-B21A-05122135F113}.Debug|x86.ActiveCfg = Debug|Win32
		{46250828-0740-4C48-B21A-05122135F113}.Debug|x86.Build.0 = Debug|Win32
		{46250828-0740-4C48-B21A-05122135F113}.Release|x64.ActiveCfg = Release|x64
		{46250828-0740-4C48-B21A-05122135F113}.Release|x64.Build.0 = Release|x64
		{46250828-0740-4C48-B21A-05122135F113}.Release|x86.ActiveCfg = Release|Win32
		{46250828-0740-4C48-B21A-05122135F113}.Release|x86.Build.0 = Release|Win32
		{526A7286-E562-42B1-8B5C-715912EC0530}.Debug|x64.ActiveCfg = Debug|x64
		{526A7286-E562-42B1-8B5C-715912EC0530}.Debug|x64.Build.0 = Debug|x64
		{526A7286-E562-42B1-8B5C-715912EC0530}.Debug|x86.ActiveCfg = Debug|Win32
		{526A7286-E562-42B1-8B5C-715912EC0530}.Debug|x86.Build.0 = Debug|Win32
		{526A7286-E562-42B1-8B5C-715912EC0530}.Release|x64.ActiveCfg = Release|x64
		{526A7286-E562-42B1-8B5C-715912EC0530}.Release|x64.Build.0 = Release|x64
		{526A7286-E562-42B1-8B5C-715912EC0530}.Release|x86.ActiveCfg = Release|Win32
		{526A7286-E562-42B1-8B5C-715912EC0530}.Release|x86.Build.0 = Release|Win32
		{1654567B-B534-4449-92F0-635F47CED4F5}.Debug|x64.ActiveCfg = Debug|x64
		{1654567B-B534-4449-92F0-635F47CED4F5}.Debug|x64.Build.0 = Debug|x64
		{1654567B-B534-4449-92F0-635F47CED4F5}.Debug|x86.ActiveCfg = Debug|Win32
		{1654567B-B534-4449-92F0-635F47CED4F5}.Debug|x86.Build.0 = Debug|Win32
		{1654567B-B534-4449-92F0-635F47CED4F5}.Release|x64.ActiveCfg = Release|x64
		{1654567B-B534-4449-92F0-635F47CED4F5}.Release|x64.Build.0 = Release|x64
		{1654567B-B534-4449-92F0-635F47CED4F5}.Release|x86.ActiveCfg = Release|Win32
		{1654567B-B534-4449-92F0-635F47CED4F5}.Release|x86.Build.0 = Release|Win32
		{DCD97D60-CD39-48CB-A353-094A5F51EDEF}.Debug|x64.ActiveCfg = Debug|x64
		{DCD97D60-CD39-48CB-A353-094A5F51EDEF}.Debug|x64.Build.0 = Debug|x64
		{DCD97D60-CD39-48CB-A353-094A5F51EDEF}.Debug|x86.ActiveCfg = Debug|Win32
		{DCD97D60-CD39-48CB-A353-094A5F51EDEF}.Debug|x86.Build.0 = Debug|Win32
		{DCD97D60-CD39-48CB-A353-094A5F51EDEF}.Release|x64.ActiveCfg = Release|x64
		{DCD97D60-CD39-48CB-A353-094A5F51EDEF}.Release|x64.Build.0 = Release|x64
		{DCD97D60-CD39-48CB-A353-094A5F51EDEF}.Release|x86.ActiveCfg = Release|Win32
		{DCD97D60-CD39-48CB-A353-094A5F51EDEF}.Release|x86.Build.0 = Release|Win32
		{DACAEC91-DFFA-41AF-8968-44277F8771B4}.Debug|x64.ActiveCfg = Debug|x64
		{DACAEC91-DFFA-41AF-8968-44277F8771B4}.Debug|x64.Build.0 = Debug|x64
		{DACAEC91-DFFA-41AF-8968-44277F8771B4}.Debug|x86.ActiveCfg = Debug|Win32
		{DACAEC91-DFFA-41AF-8968-44277F8771B4}.Debug|x86.Build.0 = Debug|Win32
		{DACAEC91-DFFA-41AF-8968-44277F8771B4}.Release|x64.ActiveCfg = Release|x64
		{DACAEC91-DFFA-41AF-8968-44277F8771B4}.Release|x64.Build.0 = Release|x64
		{DACAEC91-DFFA-41AF-8968-44277F8771B4}.Release|x86.ActiveCfg = Release|Win32
		{DACAEC91-DFFA-41AF-8968-44277F8771B4}.Release|x86.Build.0 = Release|Win32
		{75F42C08-D501-47F6-9891-50CE68D0BB0D}.Debug|x64.ActiveCfg = Debug|x64
		{75F42C08-D501-47F6-9891-50CE68D0BB0D}.Debug|x64.Build.0 = Debug|x64
		{75F42C08-D501-47F6-9891-50CE68D0BB0D}.Debug|x86.ActiveCfg = Debug|Win32
		{75F42C08-D501-47F6-9891-50CE68D0BB0D}.Debug|x86.Build.0 = Debug|Win32
		{75F42C08-D501-47F6-9891-50CE68D0BB0D}.Release|x64.ActiveCfg = Release|x64
		{75F42C08-D501-47F6-9891-50CE68D0BB0D}.Release|x64.Build.0 = Release|x64
		{75F42C08-D501-47F6-9891-50CE68D0BB0D}.Release|x86.ActiveCfg = Release|Win32
		{75F42C08-D501-47F6-9891-50CE68D0BB0D}.Release|x86.Build.0 = Release|Win32
	EndGlobalSection
	GlobalSection(SolutionProperties) = preSolution
		HideSolutionNode = FALSE
	EndGlobalSection
EndGlobal
