
Microsoft Visual Studio Solution File, Format Version 12.00
# Visual Studio 14
VisualStudioVersion = 14.0.25420.1
MinimumVisualStudioVersion = 10.0.40219.1
Project("{8BC9CEB8-8B4A-11D0-8D11-00A0C91BC942}") = "P4", "P4\P4.vcxproj", "{6BE1A69D-D34C-45D7-A98C-B19DD5263441}"
EndProject
Project("{8BC9CEB8-8B4A-11D0-8D11-00A0C91BC942}") = "P6", "P6\P6.vcxproj", "{9D9CFE1E-655D-4660-B444-26EC5E83616D}"
EndProject
Project("{8BC9CEB8-8B4A-11D0-8D11-00A0C91BC942}") = "Program10", "Program10\Program10.vcxproj", "{EF6FFFE2-4737-467B-83CC-6836308B2921}"
EndProject
Project("{8BC9CEB8-8B4A-11D0-8D11-00A0C91BC942}") = "P1", "P1\P1.vcxproj", "{D989BC51-EF6E-4B59-81DA-92D2D5C0849D}"
EndProject
Project("{8BC9CEB8-8B4A-11D0-8D11-00A0C91BC942}") = "P2", "P3\P3.vcxproj", "{FDAAA1B3-76F6-48C4-8DC8-662228E21CE5}"
EndProject
Project("{8BC9CEB8-8B4A-11D0-8D11-00A0C91BC942}") = "P5", "P5\P5.vcxproj", "{562960B9-859C-4249-901E-1E55477229E5}"
EndProject
Project("{8BC9CEB8-8B4A-11D0-8D11-00A0C91BC942}") = "P8", "P8\P8.vcxproj", "{632E5AF0-3316-4283-884C-FF59F801CD59}"
EndProject
Project("{8BC9CEB8-8B4A-11D0-8D11-00A0C91BC942}") = "P11", "P11\P11.vcxproj", "{A1C7B845-86E6-4198-B591-E2463D49853A}"
EndProject
Project("{8BC9CEB8-8B4A-11D0-8D11-00A0C91BC942}") = "P7", "P7\P7.vcxproj", "{24A5AFD1-1FF8-4A6C-BEED-1E964D17952D}"
EndProject
Project("{8BC9CEB8-8B4A-11D0-8D11-00A0C91BC942}") = "P9", "P9\P9.vcxproj", "{AE4D2EDC-75E4-4DB9-8882-177A54216666}"
EndProject
Project("{8BC9CEB8-8B4A-11D0-8D11-00A0C91BC942}") = "P12", "P12\P12.vcxproj", "{D99D21C6-4E0B-49B4-BC91-588A061191CA}"
EndProject
Global
	GlobalSection(SolutionConfigurationPlatforms) = preSolution
		Debug|x64 = Debug|x64
		Debug|x86 = Debug|x86
		Release|x64 = Release|x64
		Release|x86 = Release|x86
	EndGlobalSection
	GlobalSection(ProjectConfigurationPlatforms) = postSolution
		{6BE1A69D-D34C-45D7-A98C-B19DD5263441}.Debug|x64.ActiveCfg = Debug|x64
		{6BE1A69D-D34C-45D7-A98C-B19DD5263441}.Debug|x64.Build.0 = Debug|x64
		{6BE1A69D-D34C-45D7-A98C-B19DD5263441}.Debug|x86.ActiveCfg = Debug|Win32
		{6BE1A69D-D34C-45D7-A98C-B19DD5263441}.Debug|x86.Build.0 = Debug|Win32
		{6BE1A69D-D34C-45D7-A98C-B19DD5263441}.Release|x64.ActiveCfg = Release|x64
		{6BE1A69D-D34C-45D7-A98C-B19DD5263441}.Release|x64.Build.0 = Release|x64
		{6BE1A69D-D34C-45D7-A98C-B19DD5263441}.Release|x86.ActiveCfg = Release|Win32
		{6BE1A69D-D34C-45D7-A98C-B19DD5263441}.Release|x86.Build.0 = Release|Win32
		{9D9CFE1E-655D-4660-B444-26EC5E83616D}.Debug|x64.ActiveCfg = Debug|x64
		{9D9CFE1E-655D-4660-B444-26EC5E83616D}.Debug|x64.Build.0 = Debug|x64
		{9D9CFE1E-655D-4660-B444-26EC5E83616D}.Debug|x86.ActiveCfg = Debug|Win32
		{9D9CFE1E-655D-4660-B444-26EC5E83616D}.Debug|x86.Build.0 = Debug|Win32
		{9D9CFE1E-655D-4660-B444-26EC5E83616D}.Release|x64.ActiveCfg = Release|x64
		{9D9CFE1E-655D-4660-B444-26EC5E83616D}.Release|x64.Build.0 = Release|x64
		{9D9CFE1E-655D-4660-B444-26EC5E83616D}.Release|x86.ActiveCfg = Release|Win32
		{9D9CFE1E-655D-4660-B444-26EC5E83616D}.Release|x86.Build.0 = Release|Win32
		{EF6FFFE2-4737-467B-83CC-6836308B2921}.Debug|x64.ActiveCfg = Debug|x64
		{EF6FFFE2-4737-467B-83CC-6836308B2921}.Debug|x64.Build.0 = Debug|x64
		{EF6FFFE2-4737-467B-83CC-6836308B2921}.Debug|x86.ActiveCfg = Debug|Win32
		{EF6FFFE2-4737-467B-83CC-6836308B2921}.Debug|x86.Build.0 = Debug|Win32
		{EF6FFFE2-4737-467B-83CC-6836308B2921}.Release|x64.ActiveCfg = Release|x64
		{EF6FFFE2-4737-467B-83CC-6836308B2921}.Release|x64.Build.0 = Release|x64
		{EF6FFFE2-4737-467B-83CC-6836308B2921}.Release|x86.ActiveCfg = Release|Win32
		{EF6FFFE2-4737-467B-83CC-6836308B2921}.Release|x86.Build.0 = Release|Win32
		{D989BC51-EF6E-4B59-81DA-92D2D5C0849D}.Debug|x64.ActiveCfg = Debug|x64
		{D989BC51-EF6E-4B59-81DA-92D2D5C0849D}.Debug|x64.Build.0 = Debug|x64
		{D989BC51-EF6E-4B59-81DA-92D2D5C0849D}.Debug|x86.ActiveCfg = Debug|Win32
		{D989BC51-EF6E-4B59-81DA-92D2D5C0849D}.Debug|x86.Build.0 = Debug|Win32
		{D989BC51-EF6E-4B59-81DA-92D2D5C0849D}.Release|x64.ActiveCfg = Release|x64
		{D989BC51-EF6E-4B59-81DA-92D2D5C0849D}.Release|x64.Build.0 = Release|x64
		{D989BC51-EF6E-4B59-81DA-92D2D5C0849D}.Release|x86.ActiveCfg = Release|Win32
		{D989BC51-EF6E-4B59-81DA-92D2D5C0849D}.Release|x86.Build.0 = Release|Win32
		{FDAAA1B3-76F6-48C4-8DC8-662228E21CE5}.Debug|x64.ActiveCfg = Debug|x64
		{FDAAA1B3-76F6-48C4-8DC8-662228E21CE5}.Debug|x64.Build.0 = Debug|x64
		{FDAAA1B3-76F6-48C4-8DC8-662228E21CE5}.Debug|x86.ActiveCfg = Debug|Win32
		{FDAAA1B3-76F6-48C4-8DC8-662228E21CE5}.Debug|x86.Build.0 = Debug|Win32
		{FDAAA1B3-76F6-48C4-8DC8-662228E21CE5}.Release|x64.ActiveCfg = Release|x64
		{FDAAA1B3-76F6-48C4-8DC8-662228E21CE5}.Release|x64.Build.0 = Release|x64
		{FDAAA1B3-76F6-48C4-8DC8-662228E21CE5}.Release|x86.ActiveCfg = Release|Win32
		{FDAAA1B3-76F6-48C4-8DC8-662228E21CE5}.Release|x86.Build.0 = Release|Win32
		{562960B9-859C-4249-901E-1E55477229E5}.Debug|x64.ActiveCfg = Debug|x64
		{562960B9-859C-4249-901E-1E55477229E5}.Debug|x64.Build.0 = Debug|x64
		{562960B9-859C-4249-901E-1E55477229E5}.Debug|x86.ActiveCfg = Debug|Win32
		{562960B9-859C-4249-901E-1E55477229E5}.Debug|x86.Build.0 = Debug|Win32
		{562960B9-859C-4249-901E-1E55477229E5}.Release|x64.ActiveCfg = Release|x64
		{562960B9-859C-4249-901E-1E55477229E5}.Release|x64.Build.0 = Release|x64
		{562960B9-859C-4249-901E-1E55477229E5}.Release|x86.ActiveCfg = Release|Win32
		{562960B9-859C-4249-901E-1E55477229E5}.Release|x86.Build.0 = Release|Win32
		{632E5AF0-3316-4283-884C-FF59F801CD59}.Debug|x64.ActiveCfg = Debug|x64
		{632E5AF0-3316-4283-884C-FF59F801CD59}.Debug|x64.Build.0 = Debug|x64
		{632E5AF0-3316-4283-884C-FF59F801CD59}.Debug|x86.ActiveCfg = Debug|Win32
		{632E5AF0-3316-4283-884C-FF59F801CD59}.Debug|x86.Build.0 = Debug|Win32
		{632E5AF0-3316-4283-884C-FF59F801CD59}.Release|x64.ActiveCfg = Release|x64
		{632E5AF0-3316-4283-884C-FF59F801CD59}.Release|x64.Build.0 = Release|x64
		{632E5AF0-3316-4283-884C-FF59F801CD59}.Release|x86.ActiveCfg = Release|Win32
		{632E5AF0-3316-4283-884C-FF59F801CD59}.Release|x86.Build.0 = Release|Win32
		{A1C7B845-86E6-4198-B591-E2463D49853A}.Debug|x64.ActiveCfg = Debug|x64
		{A1C7B845-86E6-4198-B591-E2463D49853A}.Debug|x64.Build.0 = Debug|x64
		{A1C7B845-86E6-4198-B591-E2463D49853A}.Debug|x86.ActiveCfg = Debug|Win32
		{A1C7B845-86E6-4198-B591-E2463D49853A}.Debug|x86.Build.0 = Debug|Win32
		{A1C7B845-86E6-4198-B591-E2463D49853A}.Release|x64.ActiveCfg = Release|x64
		{A1C7B845-86E6-4198-B591-E2463D49853A}.Release|x64.Build.0 = Release|x64
		{A1C7B845-86E6-4198-B591-E2463D49853A}.Release|x86.ActiveCfg = Release|Win32
		{A1C7B845-86E6-4198-B591-E2463D49853A}.Release|x86.Build.0 = Release|Win32
		{24A5AFD1-1FF8-4A6C-BEED-1E964D17952D}.Debug|x64.ActiveCfg = Debug|x64
		{24A5AFD1-1FF8-4A6C-BEED-1E964D17952D}.Debug|x64.Build.0 = Debug|x64
		{24A5AFD1-1FF8-4A6C-BEED-1E964D17952D}.Debug|x86.ActiveCfg = Debug|Win32
		{24A5AFD1-1FF8-4A6C-BEED-1E964D17952D}.Debug|x86.Build.0 = Debug|Win32
		{24A5AFD1-1FF8-4A6C-BEED-1E964D17952D}.Release|x64.ActiveCfg = Release|x64
		{24A5AFD1-1FF8-4A6C-BEED-1E964D17952D}.Release|x64.Build.0 = Release|x64
		{24A5AFD1-1FF8-4A6C-BEED-1E964D17952D}.Release|x86.ActiveCfg = Release|Win32
		{24A5AFD1-1FF8-4A6C-BEED-1E964D17952D}.Release|x86.Build.0 = Release|Win32
		{AE4D2EDC-75E4-4DB9-8882-177A54216666}.Debug|x64.ActiveCfg = Debug|x64
		{AE4D2EDC-75E4-4DB9-8882-177A54216666}.Debug|x64.Build.0 = Debug|x64
		{AE4D2EDC-75E4-4DB9-8882-177A54216666}.Debug|x86.ActiveCfg = Debug|Win32
		{AE4D2EDC-75E4-4DB9-8882-177A54216666}.Debug|x86.Build.0 = Debug|Win32
		{AE4D2EDC-75E4-4DB9-8882-177A54216666}.Release|x64.ActiveCfg = Release|x64
		{AE4D2EDC-75E4-4DB9-8882-177A54216666}.Release|x64.Build.0 = Release|x64
		{AE4D2EDC-75E4-4DB9-8882-177A54216666}.Release|x86.ActiveCfg = Release|Win32
		{AE4D2EDC-75E4-4DB9-8882-177A54216666}.Release|x86.Build.0 = Release|Win32
		{D99D21C6-4E0B-49B4-BC91-588A061191CA}.Debug|x64.ActiveCfg = Debug|x64
		{D99D21C6-4E0B-49B4-BC91-588A061191CA}.Debug|x64.Build.0 = Debug|x64
		{D99D21C6-4E0B-49B4-BC91-588A061191CA}.Debug|x86.ActiveCfg = Debug|Win32
		{D99D21C6-4E0B-49B4-BC91-588A061191CA}.Debug|x86.Build.0 = Debug|Win32
		{D99D21C6-4E0B-49B4-BC91-588A061191CA}.Release|x64.ActiveCfg = Release|x64
		{D99D21C6-4E0B-49B4-BC91-588A061191CA}.Release|x64.Build.0 = Release|x64
		{D99D21C6-4E0B-49B4-BC91-588A061191CA}.Release|x86.ActiveCfg = Release|Win32
		{D99D21C6-4E0B-49B4-BC91-588A061191CA}.Release|x86.Build.0 = Release|Win32
	EndGlobalSection
	GlobalSection(SolutionProperties) = preSolution
		HideSolutionNode = FALSE
	EndGlobalSection
EndGlobal
